
Microsoft Visual Studio Solution File, Format Version 12.00
# Visual Studio Version 16
VisualStudioVersion = 16.0.31112.23
MinimumVisualStudioVersion = 10.0.40219.1
Project("{FAE04EC0-301F-11D3-BF4B-00C04F79EFBC}") = "GameCampaign", "GameCampaign\GameCampaign.csproj", "{D24DE207-EF5F-435E-BD22-CBC59E617112}"
EndProject
Global
	GlobalSection(SolutionConfigurationPlatforms) = preSolution
		Debug|Any CPU = Debug|Any CPU
		Release|Any CPU = Release|Any CPU
	EndGlobalSection
	GlobalSection(ProjectConfigurationPlatforms) = postSolution
		{D24DE207-EF5F-435E-BD22-CBC59E617112}.Debug|Any CPU.ActiveCfg = Debug|Any CPU
		{D24DE207-EF5F-435E-BD22-CBC59E617112}.Debug|Any CPU.Build.0 = Debug|Any CPU
		{D24DE207-EF5F-435E-BD22-CBC59E617112}.Release|Any CPU.ActiveCfg = Release|Any CPU
		{D24DE207-EF5F-435E-BD22-CBC59E617112}.Release|Any CPU.Build.0 = Release|Any CPU
	EndGlobalSection
	GlobalSection(SolutionProperties) = preSolution
		HideSolutionNode = FALSE
	EndGlobalSection
	GlobalSection(ExtensibilityGlobals) = postSolution
		SolutionGuid = {3A1CCFE3-6F1B-4FEE-B687-88528204ACAD}
	EndGlobalSection
EndGlobal
